
Microsoft Visual Studio Solution File, Format Version 12.00
# Visual Studio Version 16
VisualStudioVersion = 16.0.35325.158
MinimumVisualStudioVersion = 10.0.40219.1
Project("{FAE04EC0-301F-11D3-BF4B-00C04F79EFBC}") = "Ending Balance Application", "Ending Balance Application\Ending Balance Application.csproj", "{45FA6A78-27F5-43D2-8FDE-AE8514B6476B}"
EndProject
Global
	GlobalSection(SolutionConfigurationPlatforms) = preSolution
		Debug|Any CPU = Debug|Any CPU
		Release|Any CPU = Release|Any CPU
	EndGlobalSection
	GlobalSection(ProjectConfigurationPlatforms) = postSolution
		{45FA6A78-27F5-43D2-8FDE-AE8514B6476B}.Debug|Any CPU.ActiveCfg = Debug|Any CPU
		{45FA6A78-27F5-43D2-8FDE-AE8514B6476B}.Debug|Any CPU.Build.0 = Debug|Any CPU
		{45FA6A78-27F5-43D2-8FDE-AE8514B6476B}.Release|Any CPU.ActiveCfg = Release|Any CPU
		{45FA6A78-27F5-43D2-8FDE-AE8514B6476B}.Release|Any CPU.Build.0 = Release|Any CPU
	EndGlobalSection
	GlobalSection(SolutionProperties) = preSolution
		HideSolutionNode = FALSE
	EndGlobalSection
	GlobalSection(ExtensibilityGlobals) = postSolution
		SolutionGuid = {19FE3A7B-B0F4-431C-9890-700A889A110A}
	EndGlobalSection
EndGlobal
